// !$*UTF8*$!
{
	archiveVersion = 1;
	classes = {
	};
	objectVersion = 50;
	objects = {

/* Begin PBXBuildFile section */
		91A4A30B26EFC4FC00DB64A7 /* StoicQuotesApp.swift in Sources */ = {isa = PBXBuildFile; fileRef = 91A4A30A26EFC4FC00DB64A7 /* StoicQuotesApp.swift */; };
		91A4A30F26EFC4FE00DB64A7 /* Assets.xcassets in Resources */ = {isa = PBXBuildFile; fileRef = 91A4A30E26EFC4FE00DB64A7 /* Assets.xcassets */; };
		91A4A31226EFC4FE00DB64A7 /* Preview Assets.xcassets in Resources */ = {isa = PBXBuildFile; fileRef = 91A4A31126EFC4FE00DB64A7 /* Preview Assets.xcassets */; };
		91A4A31426EFC4FE00DB64A7 /* Persistence.swift in Sources */ = {isa = PBXBuildFile; fileRef = 91A4A31326EFC4FE00DB64A7 /* Persistence.swift */; };
		91A4A31726EFC4FE00DB64A7 /* StoicQuotes.xcdatamodeld in Sources */ = {isa = PBXBuildFile; fileRef = 91A4A31526EFC4FE00DB64A7 /* StoicQuotes.xcdatamodeld */; };
		91A4A32226EFC4FE00DB64A7 /* StoicQuotesTests.swift in Sources */ = {isa = PBXBuildFile; fileRef = 91A4A32126EFC4FE00DB64A7 /* StoicQuotesTests.swift */; };
		91A4A32D26EFC4FE00DB64A7 /* StoicQuotesUITests.swift in Sources */ = {isa = PBXBuildFile; fileRef = 91A4A32C26EFC4FE00DB64A7 /* StoicQuotesUITests.swift */; };
		91A4A33B26EFC51C00DB64A7 /* QuoteViews.swift in Sources */ = {isa = PBXBuildFile; fileRef = 91A4A33A26EFC51C00DB64A7 /* QuoteViews.swift */; };
		91A4A33D26EFC53300DB64A7 /* QuotesViewModel.swift in Sources */ = {isa = PBXBuildFile; fileRef = 91A4A33C26EFC53300DB64A7 /* QuotesViewModel.swift */; };
		91A4A33F26EFC56000DB64A7 /* QuoteModel.swift in Sources */ = {isa = PBXBuildFile; fileRef = 91A4A33E26EFC56000DB64A7 /* QuoteModel.swift */; };
		91A4A34126EFF6B900DB64A7 /* ButtonView.swift in Sources */ = {isa = PBXBuildFile; fileRef = 91A4A34026EFF6B900DB64A7 /* ButtonView.swift */; };
		91A4A34326EFF8D300DB64A7 /* QuoteView.swift in Sources */ = {isa = PBXBuildFile; fileRef = 91A4A34226EFF8D300DB64A7 /* QuoteView.swift */; };
/* End PBXBuildFile section */

/* Begin PBXContainerItemProxy section */
		91A4A31E26EFC4FE00DB64A7 /* PBXContainerItemProxy */ = {
			isa = PBXContainerItemProxy;
			containerPortal = 91A4A2FF26EFC4FC00DB64A7 /* Project object */;
			proxyType = 1;
			remoteGlobalIDString = 91A4A30626EFC4FC00DB64A7;
			remoteInfo = StoicQuotes;
		};
		91A4A32926EFC4FE00DB64A7 /* PBXContainerItemProxy */ = {
			isa = PBXContainerItemProxy;
			containerPortal = 91A4A2FF26EFC4FC00DB64A7 /* Project object */;
			proxyType = 1;
			remoteGlobalIDString = 91A4A30626EFC4FC00DB64A7;
			remoteInfo = StoicQuotes;
		};
/* End PBXContainerItemProxy section */

/* Begin PBXFileReference section */
		91A4A30726EFC4FC00DB64A7 /* StoicQuotes.app */ = {isa = PBXFileReference; explicitFileType = wrapper.application; includeInIndex = 0; path = StoicQuotes.app; sourceTree = BUILT_PRODUCTS_DIR; };
		91A4A30A26EFC4FC00DB64A7 /* StoicQuotesApp.swift */ = {isa = PBXFileReference; lastKnownFileType = sourcecode.swift; path = StoicQuotesApp.swift; sourceTree = "<group>"; };
		91A4A30E26EFC4FE00DB64A7 /* Assets.xcassets */ = {isa = PBXFileReference; lastKnownFileType = folder.assetcatalog; path = Assets.xcassets; sourceTree = "<group>"; };
		91A4A31126EFC4FE00DB64A7 /* Preview Assets.xcassets */ = {isa = PBXFileReference; lastKnownFileType = folder.assetcatalog; path = "Preview Assets.xcassets"; sourceTree = "<group>"; };
		91A4A31326EFC4FE00DB64A7 /* Persistence.swift */ = {isa = PBXFileReference; lastKnownFileType = sourcecode.swift; path = Persistence.swift; sourceTree = "<group>"; };
		91A4A31626EFC4FE00DB64A7 /* StoicQuotes.xcdatamodel */ = {isa = PBXFileReference; lastKnownFileType = wrapper.xcdatamodel; path = StoicQuotes.xcdatamodel; sourceTree = "<group>"; };
		91A4A31826EFC4FE00DB64A7 /* Info.plist */ = {isa = PBXFileReference; lastKnownFileType = text.plist.xml; path = Info.plist; sourceTree = "<group>"; };
		91A4A31D26EFC4FE00DB64A7 /* StoicQuotesTests.xctest */ = {isa = PBXFileReference; explicitFileType = wrapper.cfbundle; includeInIndex = 0; path = StoicQuotesTests.xctest; sourceTree = BUILT_PRODUCTS_DIR; };
		91A4A32126EFC4FE00DB64A7 /* StoicQuotesTests.swift */ = {isa = PBXFileReference; lastKnownFileType = sourcecode.swift; path = StoicQuotesTests.swift; sourceTree = "<group>"; };
		91A4A32326EFC4FE00DB64A7 /* Info.plist */ = {isa = PBXFileReference; lastKnownFileType = text.plist.xml; path = Info.plist; sourceTree = "<group>"; };
		91A4A32826EFC4FE00DB64A7 /* StoicQuotesUITests.xctest */ = {isa = PBXFileReference; explicitFileType = wrapper.cfbundle; includeInIndex = 0; path = StoicQuotesUITests.xctest; sourceTree = BUILT_PRODUCTS_DIR; };
		91A4A32C26EFC4FE00DB64A7 /* StoicQuotesUITests.swift */ = {isa = PBXFileReference; lastKnownFileType = sourcecode.swift; path = StoicQuotesUITests.swift; sourceTree = "<group>"; };
		91A4A32E26EFC4FE00DB64A7 /* Info.plist */ = {isa = PBXFileReference; lastKnownFileType = text.plist.xml; path = Info.plist; sourceTree = "<group>"; };
		91A4A33A26EFC51C00DB64A7 /* QuoteViews.swift */ = {isa = PBXFileReference; lastKnownFileType = sourcecode.swift; path = QuoteViews.swift; sourceTree = "<group>"; };
		91A4A33C26EFC53300DB64A7 /* QuotesViewModel.swift */ = {isa = PBXFileReference; lastKnownFileType = sourcecode.swift; path = QuotesViewModel.swift; sourceTree = "<group>"; };
		91A4A33E26EFC56000DB64A7 /* QuoteModel.swift */ = {isa = PBXFileReference; lastKnownFileType = sourcecode.swift; path = QuoteModel.swift; sourceTree = "<group>"; };
		91A4A34026EFF6B900DB64A7 /* ButtonView.swift */ = {isa = PBXFileReference; lastKnownFileType = sourcecode.swift; path = ButtonView.swift; sourceTree = "<group>"; };
		91A4A34226EFF8D300DB64A7 /* QuoteView.swift */ = {isa = PBXFileReference; lastKnownFileType = sourcecode.swift; path = QuoteView.swift; sourceTree = "<group>"; };
/* End PBXFileReference section */

/* Begin PBXFrameworksBuildPhase section */
		91A4A30426EFC4FC00DB64A7 /* Frameworks */ = {
			isa = PBXFrameworksBuildPhase;
			buildActionMask = 2147483647;
			files = (
			);
			runOnlyForDeploymentPostprocessing = 0;
		};
		91A4A31A26EFC4FE00DB64A7 /* Frameworks */ = {
			isa = PBXFrameworksBuildPhase;
			buildActionMask = 2147483647;
			files = (
			);
			runOnlyForDeploymentPostprocessing = 0;
		};
		91A4A32526EFC4FE00DB64A7 /* Frameworks */ = {
			isa = PBXFrameworksBuildPhase;
			buildActionMask = 2147483647;
			files = (
			);
			runOnlyForDeploymentPostprocessing = 0;
		};
/* End PBXFrameworksBuildPhase section */

/* Begin PBXGroup section */
		91A4A2FE26EFC4FC00DB64A7 = {
			isa = PBXGroup;
			children = (
				91A4A30926EFC4FC00DB64A7 /* StoicQuotes */,
				91A4A32026EFC4FE00DB64A7 /* StoicQuotesTests */,
				91A4A32B26EFC4FE00DB64A7 /* StoicQuotesUITests */,
				91A4A30826EFC4FC00DB64A7 /* Products */,
			);
			sourceTree = "<group>";
		};
		91A4A30826EFC4FC00DB64A7 /* Products */ = {
			isa = PBXGroup;
			children = (
				91A4A30726EFC4FC00DB64A7 /* StoicQuotes.app */,
				91A4A31D26EFC4FE00DB64A7 /* StoicQuotesTests.xctest */,
				91A4A32826EFC4FE00DB64A7 /* StoicQuotesUITests.xctest */,
			);
			name = Products;
			sourceTree = "<group>";
		};
		91A4A30926EFC4FC00DB64A7 /* StoicQuotes */ = {
			isa = PBXGroup;
			children = (
				91A4A30A26EFC4FC00DB64A7 /* StoicQuotesApp.swift */,
				91A4A33A26EFC51C00DB64A7 /* QuoteViews.swift */,
				91A4A33C26EFC53300DB64A7 /* QuotesViewModel.swift */,
				91A4A34226EFF8D300DB64A7 /* QuoteView.swift */,
				91A4A34026EFF6B900DB64A7 /* ButtonView.swift */,
				91A4A33E26EFC56000DB64A7 /* QuoteModel.swift */,
				91A4A30E26EFC4FE00DB64A7 /* Assets.xcassets */,
				91A4A31326EFC4FE00DB64A7 /* Persistence.swift */,
				91A4A31826EFC4FE00DB64A7 /* Info.plist */,
				91A4A31526EFC4FE00DB64A7 /* StoicQuotes.xcdatamodeld */,
				91A4A31026EFC4FE00DB64A7 /* Preview Content */,
			);
			path = StoicQuotes;
			sourceTree = "<group>";
		};
		91A4A31026EFC4FE00DB64A7 /* Preview Content */ = {
			isa = PBXGroup;
			children = (
				91A4A31126EFC4FE00DB64A7 /* Preview Assets.xcassets */,
			);
			path = "Preview Content";
			sourceTree = "<group>";
		};
		91A4A32026EFC4FE00DB64A7 /* StoicQuotesTests */ = {
			isa = PBXGroup;
			children = (
				91A4A32126EFC4FE00DB64A7 /* StoicQuotesTests.swift */,
				91A4A32326EFC4FE00DB64A7 /* Info.plist */,
			);
			path = StoicQuotesTests;
			sourceTree = "<group>";
		};
		91A4A32B26EFC4FE00DB64A7 /* StoicQuotesUITests */ = {
			isa = PBXGroup;
			children = (
				91A4A32C26EFC4FE00DB64A7 /* StoicQuotesUITests.swift */,
				91A4A32E26EFC4FE00DB64A7 /* Info.plist */,
			);
			path = StoicQuotesUITests;
			sourceTree = "<group>";
		};
/* End PBXGroup section */

/* Begin PBXNativeTarget section */
		91A4A30626EFC4FC00DB64A7 /* StoicQuotes */ = {
			isa = PBXNativeTarget;
			buildConfigurationList = 91A4A33126EFC4FE00DB64A7 /* Build configuration list for PBXNativeTarget "StoicQuotes" */;
			buildPhases = (
				91A4A30326EFC4FC00DB64A7 /* Sources */,
				91A4A30426EFC4FC00DB64A7 /* Frameworks */,
				91A4A30526EFC4FC00DB64A7 /* Resources */,
			);
			buildRules = (
			);
			dependencies = (
			);
			name = StoicQuotes;
			productName = StoicQuotes;
			productReference = 91A4A30726EFC4FC00DB64A7 /* StoicQuotes.app */;
			productType = "com.apple.product-type.application";
		};
		91A4A31C26EFC4FE00DB64A7 /* StoicQuotesTests */ = {
			isa = PBXNativeTarget;
			buildConfigurationList = 91A4A33426EFC4FE00DB64A7 /* Build configuration list for PBXNativeTarget "StoicQuotesTests" */;
			buildPhases = (
				91A4A31926EFC4FE00DB64A7 /* Sources */,
				91A4A31A26EFC4FE00DB64A7 /* Frameworks */,
				91A4A31B26EFC4FE00DB64A7 /* Resources */,
			);
			buildRules = (
			);
			dependencies = (
				91A4A31F26EFC4FE00DB64A7 /* PBXTargetDependency */,
			);
			name = StoicQuotesTests;
			productName = StoicQuotesTests;
			productReference = 91A4A31D26EFC4FE00DB64A7 /* StoicQuotesTests.xctest */;
			productType = "com.apple.product-type.bundle.unit-test";
		};
		91A4A32726EFC4FE00DB64A7 /* StoicQuotesUITests */ = {
			isa = PBXNativeTarget;
			buildConfigurationList = 91A4A33726EFC4FE00DB64A7 /* Build configuration list for PBXNativeTarget "StoicQuotesUITests" */;
			buildPhases = (
				91A4A32426EFC4FE00DB64A7 /* Sources */,
				91A4A32526EFC4FE00DB64A7 /* Frameworks */,
				91A4A32626EFC4FE00DB64A7 /* Resources */,
			);
			buildRules = (
			);
			dependencies = (
				91A4A32A26EFC4FE00DB64A7 /* PBXTargetDependency */,
			);
			name = StoicQuotesUITests;
			productName = StoicQuotesUITests;
			productReference = 91A4A32826EFC4FE00DB64A7 /* StoicQuotesUITests.xctest */;
			productType = "com.apple.product-type.bundle.ui-testing";
		};
/* End PBXNativeTarget section */

/* Begin PBXProject section */
		91A4A2FF26EFC4FC00DB64A7 /* Project object */ = {
			isa = PBXProject;
			attributes = {
				LastSwiftUpdateCheck = 1250;
				LastUpgradeCheck = 1250;
				TargetAttributes = {
					91A4A30626EFC4FC00DB64A7 = {
						CreatedOnToolsVersion = 12.5.1;
					};
					91A4A31C26EFC4FE00DB64A7 = {
						CreatedOnToolsVersion = 12.5.1;
						TestTargetID = 91A4A30626EFC4FC00DB64A7;
					};
					91A4A32726EFC4FE00DB64A7 = {
						CreatedOnToolsVersion = 12.5.1;
						TestTargetID = 91A4A30626EFC4FC00DB64A7;
					};
				};
			};
			buildConfigurationList = 91A4A30226EFC4FC00DB64A7 /* Build configuration list for PBXProject "StoicQuotes" */;
			compatibilityVersion = "Xcode 9.3";
			developmentRegion = en;
			hasScannedForEncodings = 0;
			knownRegions = (
				en,
				Base,
			);
			mainGroup = 91A4A2FE26EFC4FC00DB64A7;
			productRefGroup = 91A4A30826EFC4FC00DB64A7 /* Products */;
			projectDirPath = "";
			projectRoot = "";
			targets = (
				91A4A30626EFC4FC00DB64A7 /* StoicQuotes */,
				91A4A31C26EFC4FE00DB64A7 /* StoicQuotesTests */,
				91A4A32726EFC4FE00DB64A7 /* StoicQuotesUITests */,
			);
		};
/* End PBXProject section */

/* Begin PBXResourcesBuildPhase section */
		91A4A30526EFC4FC00DB64A7 /* Resources */ = {
			isa = PBXResourcesBuildPhase;
			buildActionMask = 2147483647;
			files = (
				91A4A31226EFC4FE00DB64A7 /* Preview Assets.xcassets in Resources */,
				91A4A30F26EFC4FE00DB64A7 /* Assets.xcassets in Resources */,
			);
			runOnlyForDeploymentPostprocessing = 0;
		};
		91A4A31B26EFC4FE00DB64A7 /* Resources */ = {
			isa = PBXResourcesBuildPhase;
			buildActionMask = 2147483647;
			files = (
			);
			runOnlyForDeploymentPostprocessing = 0;
		};
		91A4A32626EFC4FE00DB64A7 /* Resources */ = {
			isa = PBXResourcesBuildPhase;
			buildActionMask = 2147483647;
			files = (
			);
			runOnlyForDeploymentPostprocessing = 0;
		};
/* End PBXResourcesBuildPhase section */

/* Begin PBXSourcesBuildPhase section */
		91A4A30326EFC4FC00DB64A7 /* Sources */ = {
			isa = PBXSourcesBuildPhase;
			buildActionMask = 2147483647;
			files = (
				91A4A33F26EFC56000DB64A7 /* QuoteModel.swift in Sources */,
				91A4A31426EFC4FE00DB64A7 /* Persistence.swift in Sources */,
				91A4A33D26EFC53300DB64A7 /* QuotesViewModel.swift in Sources */,
				91A4A34326EFF8D300DB64A7 /* QuoteView.swift in Sources */,
				91A4A30B26EFC4FC00DB64A7 /* StoicQuotesApp.swift in Sources */,
				91A4A31726EFC4FE00DB64A7 /* StoicQuotes.xcdatamodeld in Sources */,
				91A4A33B26EFC51C00DB64A7 /* QuoteViews.swift in Sources */,
				91A4A34126EFF6B900DB64A7 /* ButtonView.swift in Sources */,
			);
			runOnlyForDeploymentPostprocessing = 0;
		};
		91A4A31926EFC4FE00DB64A7 /* Sources */ = {
			isa = PBXSourcesBuildPhase;
			buildActionMask = 2147483647;
			files = (
				91A4A32226EFC4FE00DB64A7 /* StoicQuotesTests.swift in Sources */,
			);
			runOnlyForDeploymentPostprocessing = 0;
		};
		91A4A32426EFC4FE00DB64A7 /* Sources */ = {
			isa = PBXSourcesBuildPhase;
			buildActionMask = 2147483647;
			files = (
				91A4A32D26EFC4FE00DB64A7 /* StoicQuotesUITests.swift in Sources */,
			);
			runOnlyForDeploymentPostprocessing = 0;
		};
/* End PBXSourcesBuildPhase section */

/* Begin PBXTargetDependency section */
		91A4A31F26EFC4FE00DB64A7 /* PBXTargetDependency */ = {
			isa = PBXTargetDependency;
			target = 91A4A30626EFC4FC00DB64A7 /* StoicQuotes */;
			targetProxy = 91A4A31E26EFC4FE00DB64A7 /* PBXContainerItemProxy */;
		};
		91A4A32A26EFC4FE00DB64A7 /* PBXTargetDependency */ = {
			isa = PBXTargetDependency;
			target = 91A4A30626EFC4FC00DB64A7 /* StoicQuotes */;
			targetProxy = 91A4A32926EFC4FE00DB64A7 /* PBXContainerItemProxy */;
		};
/* End PBXTargetDependency section */

/* Begin XCBuildConfiguration section */
		91A4A32F26EFC4FE00DB64A7 /* Debug */ = {
			isa = XCBuildConfiguration;
			buildSettings = {
				ALWAYS_SEARCH_USER_PATHS = NO;
				CLANG_ANALYZER_NONNULL = YES;
				CLANG_ANALYZER_NUMBER_OBJECT_CONVERSION = YES_AGGRESSIVE;
				CLANG_CXX_LANGUAGE_STANDARD = "gnu++14";
				CLANG_CXX_LIBRARY = "libc++";
				CLANG_ENABLE_MODULES = YES;
				CLANG_ENABLE_OBJC_ARC = YES;
				CLANG_ENABLE_OBJC_WEAK = YES;
				CLANG_WARN_BLOCK_CAPTURE_AUTORELEASING = YES;
				CLANG_WARN_BOOL_CONVERSION = YES;
				CLANG_WARN_COMMA = YES;
				CLANG_WARN_CONSTANT_CONVERSION = YES;
				CLANG_WARN_DEPRECATED_OBJC_IMPLEMENTATIONS = YES;
				CLANG_WARN_DIRECT_OBJC_ISA_USAGE = YES_ERROR;
				CLANG_WARN_DOCUMENTATION_COMMENTS = YES;
				CLANG_WARN_EMPTY_BODY = YES;
				CLANG_WARN_ENUM_CONVERSION = YES;
				CLANG_WARN_INFINITE_RECURSION = YES;
				CLANG_WARN_INT_CONVERSION = YES;
				CLANG_WARN_NON_LITERAL_NULL_CONVERSION = YES;
				CLANG_WARN_OBJC_IMPLICIT_RETAIN_SELF = YES;
				CLANG_WARN_OBJC_LITERAL_CONVERSION = YES;
				CLANG_WARN_OBJC_ROOT_CLASS = YES_ERROR;
				CLANG_WARN_QUOTED_INCLUDE_IN_FRAMEWORK_HEADER = YES;
				CLANG_WARN_RANGE_LOOP_ANALYSIS = YES;
				CLANG_WARN_STRICT_PROTOTYPES = YES;
				CLANG_WARN_SUSPICIOUS_MOVE = YES;
				CLANG_WARN_UNGUARDED_AVAILABILITY = YES_AGGRESSIVE;
				CLANG_WARN_UNREACHABLE_CODE = YES;
				CLANG_WARN__DUPLICATE_METHOD_MATCH = YES;
				COPY_PHASE_STRIP = NO;
				DEBUG_INFORMATION_FORMAT = dwarf;
				ENABLE_STRICT_OBJC_MSGSEND = YES;
				ENABLE_TESTABILITY = YES;
				GCC_C_LANGUAGE_STANDARD = gnu11;
				GCC_DYNAMIC_NO_PIC = NO;
				GCC_NO_COMMON_BLOCKS = YES;
				GCC_OPTIMIZATION_LEVEL = 0;
				GCC_PREPROCESSOR_DEFINITIONS = (
					"DEBUG=1",
					"$(inherited)",
				);
				GCC_WARN_64_TO_32_BIT_CONVERSION = YES;
				GCC_WARN_ABOUT_RETURN_TYPE = YES_ERROR;
				GCC_WARN_UNDECLARED_SELECTOR = YES;
				GCC_WARN_UNINITIALIZED_AUTOS = YES_AGGRESSIVE;
				GCC_WARN_UNUSED_FUNCTION = YES;
				GCC_WARN_UNUSED_VARIABLE = YES;
				IPHONEOS_DEPLOYMENT_TARGET = 14.5;
				MTL_ENABLE_DEBUG_INFO = INCLUDE_SOURCE;
				MTL_FAST_MATH = YES;
				ONLY_ACTIVE_ARCH = YES;
				SDKROOT = iphoneos;
				SWIFT_ACTIVE_COMPILATION_CONDITIONS = DEBUG;
				SWIFT_OPTIMIZATION_LEVEL = "-Onone";
			};
			name = Debug;
		};
		91A4A33026EFC4FE00DB64A7 /* Release */ = {
			isa = XCBuildConfiguration;
			buildSettings = {
				ALWAYS_SEARCH_USER_PATHS = NO;
				CLANG_ANALYZER_NONNULL = YES;
				CLANG_ANALYZER_NUMBER_OBJECT_CONVERSION = YES_AGGRESSIVE;
				CLANG_CXX_LANGUAGE_STANDARD = "gnu++14";
				CLANG_CXX_LIBRARY = "libc++";
				CLANG_ENABLE_MODULES = YES;
				CLANG_ENABLE_OBJC_ARC = YES;
				CLANG_ENABLE_OBJC_WEAK = YES;
				CLANG_WARN_BLOCK_CAPTURE_AUTORELEASING = YES;
				CLANG_WARN_BOOL_CONVERSION = YES;
				CLANG_WARN_COMMA = YES;
				CLANG_WARN_CONSTANT_CONVERSION = YES;
				CLANG_WARN_DEPRECATED_OBJC_IMPLEMENTATIONS = YES;
				CLANG_WARN_DIRECT_OBJC_ISA_USAGE = YES_ERROR;
				CLANG_WARN_DOCUMENTATION_COMMENTS = YES;
				CLANG_WARN_EMPTY_BODY = YES;
				CLANG_WARN_ENUM_CONVERSION = YES;
				CLANG_WARN_INFINITE_RECURSION = YES;
				CLANG_WARN_INT_CONVERSION = YES;
				CLANG_WARN_NON_LITERAL_NULL_CONVERSION = YES;
				CLANG_WARN_OBJC_IMPLICIT_RETAIN_SELF = YES;
				CLANG_WARN_OBJC_LITERAL_CONVERSION = YES;
				CLANG_WARN_OBJC_ROOT_CLASS = YES_ERROR;
				CLANG_WARN_QUOTED_INCLUDE_IN_FRAMEWORK_HEADER = YES;
				CLANG_WARN_RANGE_LOOP_ANALYSIS = YES;
				CLANG_WARN_STRICT_PROTOTYPES = YES;
				CLANG_WARN_SUSPICIOUS_MOVE = YES;
				CLANG_WARN_UNGUARDED_AVAILABILITY = YES_AGGRESSIVE;
				CLANG_WARN_UNREACHABLE_CODE = YES;
				CLANG_WARN__DUPLICATE_METHOD_MATCH = YES;
				COPY_PHASE_STRIP = NO;
				DEBUG_INFORMATION_FORMAT = "dwarf-with-dsym";
				ENABLE_NS_ASSERTIONS = NO;
				ENABLE_STRICT_OBJC_MSGSEND = YES;
				GCC_C_LANGUAGE_STANDARD = gnu11;
				GCC_NO_COMMON_BLOCKS = YES;
				GCC_WARN_64_TO_32_BIT_CONVERSION = YES;
				GCC_WARN_ABOUT_RETURN_TYPE = YES_ERROR;
				GCC_WARN_UNDECLARED_SELECTOR = YES;
				GCC_WARN_UNINITIALIZED_AUTOS = YES_AGGRESSIVE;
				GCC_WARN_UNUSED_FUNCTION = YES;
				GCC_WARN_UNUSED_VARIABLE = YES;
				IPHONEOS_DEPLOYMENT_TARGET = 14.5;
				MTL_ENABLE_DEBUG_INFO = NO;
				MTL_FAST_MATH = YES;
				SDKROOT = iphoneos;
				SWIFT_COMPILATION_MODE = wholemodule;
				SWIFT_OPTIMIZATION_LEVEL = "-O";
				VALIDATE_PRODUCT = YES;
			};
			name = Release;
		};
		91A4A33226EFC4FE00DB64A7 /* Debug */ = {
			isa = XCBuildConfiguration;
			buildSettings = {
				ASSETCATALOG_COMPILER_APPICON_NAME = AppIcon;
				ASSETCATALOG_COMPILER_GLOBAL_ACCENT_COLOR_NAME = AccentColor;
				CODE_SIGN_STYLE = Automatic;
				DEVELOPMENT_ASSET_PATHS = "\"StoicQuotes/Preview Content\"";
				DEVELOPMENT_TEAM = 2JQP4MV635;
				ENABLE_PREVIEWS = YES;
				INFOPLIST_FILE = StoicQuotes/Info.plist;
				IPHONEOS_DEPLOYMENT_TARGET = 14.0;
				LD_RUNPATH_SEARCH_PATHS = (
					"$(inherited)",
					"@executable_path/Frameworks",
				);
				PRODUCT_BUNDLE_IDENTIFIER = com.il1ane.StoicQuotes;
				PRODUCT_NAME = "$(TARGET_NAME)";
				SWIFT_VERSION = 5.0;
				TARGETED_DEVICE_FAMILY = "1,2";
			};
			name = Debug;
		};
		91A4A33326EFC4FE00DB64A7 /* Release */ = {
			isa = XCBuildConfiguration;
			buildSettings = {
				ASSETCATALOG_COMPILER_APPICON_NAME = AppIcon;
				ASSETCATALOG_COMPILER_GLOBAL_ACCENT_COLOR_NAME = AccentColor;
				CODE_SIGN_STYLE = Automatic;
				DEVELOPMENT_ASSET_PATHS = "\"StoicQuotes/Preview Content\"";
				DEVELOPMENT_TEAM = 2JQP4MV635;
				ENABLE_PREVIEWS = YES;
				INFOPLIST_FILE = StoicQuotes/Info.plist;
				IPHONEOS_DEPLOYMENT_TARGET = 14.0;
				LD_RUNPATH_SEARCH_PATHS = (
					"$(inherited)",
					"@executable_path/Frameworks",
				);
				PRODUCT_BUNDLE_IDENTIFIER = com.il1ane.StoicQuotes;
				PRODUCT_NAME = "$(TARGET_NAME)";
				SWIFT_VERSION = 5.0;
				TARGETED_DEVICE_FAMILY = "1,2";
			};
			name = Release;
		};
		91A4A33526EFC4FE00DB64A7 /* Debug */ = {
			isa = XCBuildConfiguration;
			buildSettings = {
				ALWAYS_EMBED_SWIFT_STANDARD_LIBRARIES = YES;
				BUNDLE_LOADER = "$(TEST_HOST)";
				CODE_SIGN_STYLE = Automatic;
				DEVELOPMENT_TEAM = 2JQP4MV635;
				INFOPLIST_FILE = StoicQuotesTests/Info.plist;
				IPHONEOS_DEPLOYMENT_TARGET = 14.0;
				LD_RUNPATH_SEARCH_PATHS = (
					"$(inherited)",
					"@executable_path/Frameworks",
					"@loader_path/Frameworks",
				);
				PRODUCT_BUNDLE_IDENTIFIER = com.il1ane.StoicQuotesTests;
				PRODUCT_NAME = "$(TARGET_NAME)";
				SWIFT_VERSION = 5.0;
				TARGETED_DEVICE_FAMILY = "1,2";
				TEST_HOST = "$(BUILT_PRODUCTS_DIR)/StoicQuotes.app/StoicQuotes";
			};
			name = Debug;
		};
		91A4A33626EFC4FE00DB64A7 /* Release */ = {
			isa = XCBuildConfiguration;
			buildSettings = {
				ALWAYS_EMBED_SWIFT_STANDARD_LIBRARIES = YES;
				BUNDLE_LOADER = "$(TEST_HOST)";
				CODE_SIGN_STYLE = Automatic;
				DEVELOPMENT_TEAM = 2JQP4MV635;
				INFOPLIST_FILE = StoicQuotesTests/Info.plist;
				IPHONEOS_DEPLOYMENT_TARGET = 14.0;
				LD_RUNPATH_SEARCH_PATHS = (
					"$(inherited)",
					"@executable_path/Frameworks",
					"@loader_path/Frameworks",
				);
				PRODUCT_BUNDLE_IDENTIFIER = com.il1ane.StoicQuotesTests;
				PRODUCT_NAME = "$(TARGET_NAME)";
				SWIFT_VERSION = 5.0;
				TARGETED_DEVICE_FAMILY = "1,2";
				TEST_HOST = "$(BUILT_PRODUCTS_DIR)/StoicQuotes.app/StoicQuotes";
			};
			name = Release;
		};
		91A4A33826EFC4FE00DB64A7 /* Debug */ = {
			isa = XCBuildConfiguration;
			buildSettings = {
				ALWAYS_EMBED_SWIFT_STANDARD_LIBRARIES = YES;
				CODE_SIGN_STYLE = Automatic;
				DEVELOPMENT_TEAM = 2JQP4MV635;
				INFOPLIST_FILE = StoicQuotesUITests/Info.plist;
				LD_RUNPATH_SEARCH_PATHS = (
					"$(inherited)",
					"@executable_path/Frameworks",
					"@loader_path/Frameworks",
				);
				PRODUCT_BUNDLE_IDENTIFIER = com.il1ane.StoicQuotesUITests;
				PRODUCT_NAME = "$(TARGET_NAME)";
				SWIFT_VERSION = 5.0;
				TARGETED_DEVICE_FAMILY = "1,2";
				TEST_TARGET_NAME = StoicQuotes;
			};
			name = Debug;
		};
		91A4A33926EFC4FE00DB64A7 /* Release */ = {
			isa = XCBuildConfiguration;
			buildSettings = {
				ALWAYS_EMBED_SWIFT_STANDARD_LIBRARIES = YES;
				CODE_SIGN_STYLE = Automatic;
				DEVELOPMENT_TEAM = 2JQP4MV635;
				INFOPLIST_FILE = StoicQuotesUITests/Info.plist;
				LD_RUNPATH_SEARCH_PATHS = (
					"$(inherited)",
					"@executable_path/Frameworks",
					"@loader_path/Frameworks",
				);
				PRODUCT_BUNDLE_IDENTIFIER = com.il1ane.StoicQuotesUITests;
				PRODUCT_NAME = "$(TARGET_NAME)";
				SWIFT_VERSION = 5.0;
				TARGETED_DEVICE_FAMILY = "1,2";
				TEST_TARGET_NAME = StoicQuotes;
			};
			name = Release;
		};
/* End XCBuildConfiguration section */

/* Begin XCConfigurationList section */
		91A4A30226EFC4FC00DB64A7 /* Build configuration list for PBXProject "StoicQuotes" */ = {
			isa = XCConfigurationList;
			buildConfigurations = (
				91A4A32F26EFC4FE00DB64A7 /* Debug */,
				91A4A33026EFC4FE00DB64A7 /* Release */,
			);
			defaultConfigurationIsVisible = 0;
			defaultConfigurationName = Release;
		};
		91A4A33126EFC4FE00DB64A7 /* Build configuration list for PBXNativeTarget "StoicQuotes" */ = {
			isa = XCConfigurationList;
			buildConfigurations = (
				91A4A33226EFC4FE00DB64A7 /* Debug */,
				91A4A33326EFC4FE00DB64A7 /* Release */,
			);
			defaultConfigurationIsVisible = 0;
			defaultConfigurationName = Release;
		};
		91A4A33426EFC4FE00DB64A7 /* Build configuration list for PBXNativeTarget "StoicQuotesTests" */ = {
			isa = XCConfigurationList;
			buildConfigurations = (
				91A4A33526EFC4FE00DB64A7 /* Debug */,
				91A4A33626EFC4FE00DB64A7 /* Release */,
			);
			defaultConfigurationIsVisible = 0;
			defaultConfigurationName = Release;
		};
		91A4A33726EFC4FE00DB64A7 /* Build configuration list for PBXNativeTarget "StoicQuotesUITests" */ = {
			isa = XCConfigurationList;
			buildConfigurations = (
				91A4A33826EFC4FE00DB64A7 /* Debug */,
				91A4A33926EFC4FE00DB64A7 /* Release */,
			);
			defaultConfigurationIsVisible = 0;
			defaultConfigurationName = Release;
		};
/* End XCConfigurationList section */

/* Begin XCVersionGroup section */
		91A4A31526EFC4FE00DB64A7 /* StoicQuotes.xcdatamodeld */ = {
			isa = XCVersionGroup;
			children = (
				91A4A31626EFC4FE00DB64A7 /* StoicQuotes.xcdatamodel */,
			);
			currentVersion = 91A4A31626EFC4FE00DB64A7 /* StoicQuotes.xcdatamodel */;
			path = StoicQuotes.xcdatamodeld;
			sourceTree = "<group>";
			versionGroupType = wrapper.xcdatamodel;
		};
/* End XCVersionGroup section */
	};
	rootObject = 91A4A2FF26EFC4FC00DB64A7 /* Project object */;
}
